
Microsoft Visual Studio Solution File, Format Version 12.00
# Visual Studio Version 17
VisualStudioVersion = 17.9.34728.123
MinimumVisualStudioVersion = 10.0.40219.1
Project("{FAE04EC0-301F-11D3-BF4B-00C04F79EFBC}") = "MinimalLock", "MinimalLock\MinimalLock.csproj", "{68B64A96-B038-4D2F-8ECC-7005E6A31008}"
EndProject
Project("{FAE04EC0-301F-11D3-BF4B-00C04F79EFBC}") = "MinimalLock.Tester", "MinimalLock.Tester\MinimalLock.Tester.csproj", "{BE9F6FF8-88CD-4AF4-AD9B-9A02BD77B7C2}"
EndProject
Global
	GlobalSection(SolutionConfigurationPlatforms) = preSolution
		Debug|Any CPU = Debug|Any CPU
		Release|Any CPU = Release|Any CPU
	EndGlobalSection
	GlobalSection(ProjectConfigurationPlatforms) = postSolution
		{68B64A96-B038-4D2F-8ECC-7005E6A31008}.Debug|Any CPU.ActiveCfg = Debug|Any CPU
		{68B64A96-B038-4D2F-8ECC-7005E6A31008}.Debug|Any CPU.Build.0 = Debug|Any CPU
		{68B64A96-B038-4D2F-8ECC-7005E6A31008}.Release|Any CPU.ActiveCfg = Release|Any CPU
		{68B64A96-B038-4D2F-8ECC-7005E6A31008}.Release|Any CPU.Build.0 = Release|Any CPU
		{BE9F6FF8-88CD-4AF4-AD9B-9A02BD77B7C2}.Debug|Any CPU.ActiveCfg = Debug|Any CPU
		{BE9F6FF8-88CD-4AF4-AD9B-9A02BD77B7C2}.Debug|Any CPU.Build.0 = Debug|Any CPU
		{BE9F6FF8-88CD-4AF4-AD9B-9A02BD77B7C2}.Release|Any CPU.ActiveCfg = Release|Any CPU
		{BE9F6FF8-88CD-4AF4-AD9B-9A02BD77B7C2}.Release|Any CPU.Build.0 = Release|Any CPU
	EndGlobalSection
	GlobalSection(SolutionProperties) = preSolution
		HideSolutionNode = FALSE
	EndGlobalSection
	GlobalSection(ExtensibilityGlobals) = postSolution
		SolutionGuid = {5CAACEE9-3586-494C-85F2-FB3683B715BF}
	EndGlobalSection
EndGlobal
